
Microsoft Visual Studio Solution File, Format Version 12.00
# Visual Studio Version 17
VisualStudioVersion = 17.4.33205.214
MinimumVisualStudioVersion = 10.0.40219.1
Project("{FAE04EC0-301F-11D3-BF4B-00C04F79EFBC}") = "EmailSender", "EmailSender\EmailSender.csproj", "{D7A6AE1A-B9E8-4D05-BD16-77A8233C8ED6}"
EndProject
Global
	GlobalSection(SolutionConfigurationPlatforms) = preSolution
		Debug|Any CPU = Debug|Any CPU
		Release|Any CPU = Release|Any CPU
	EndGlobalSection
	GlobalSection(ProjectConfigurationPlatforms) = postSolution
		{D7A6AE1A-B9E8-4D05-BD16-77A8233C8ED6}.Debug|Any CPU.ActiveCfg = Debug|Any CPU
		{D7A6AE1A-B9E8-4D05-BD16-77A8233C8ED6}.Debug|Any CPU.Build.0 = Debug|Any CPU
		{D7A6AE1A-B9E8-4D05-BD16-77A8233C8ED6}.Release|Any CPU.ActiveCfg = Release|Any CPU
		{D7A6AE1A-B9E8-4D05-BD16-77A8233C8ED6}.Release|Any CPU.Build.0 = Release|Any CPU
	EndGlobalSection
	GlobalSection(SolutionProperties) = preSolution
		HideSolutionNode = FALSE
	EndGlobalSection
	GlobalSection(ExtensibilityGlobals) = postSolution
		SolutionGuid = {AFCE6B04-B6E3-4339-A109-E1B22AF0EA93}
	EndGlobalSection
EndGlobal
